github.com/jhonghee/d v1.1.0 h1:MHLdK5F7g5/v/6E9SLF7mSJ4eLTlwjcKfjSexnOsUlI=
github.com/jhonghee/d v1.1.0/go.mod h1:IUS9DIasK3rOFwhLL2G+zjPtNZwUvI4JvvW7nBG/aQs=
github.com/jhonghee/e v1.1.0 h1:arFQ4+j0VXNQ3n8j+3YY8mitvsaec28NYnHg/e2fwfQ=
github.com/jhonghee/e v1.1.0/go.mod h1:pH7bsqpbiNg3yUqI26MT/hgHrcc1XkD9Kf10OPMDMco=
